
Microsoft Visual Studio Solution File, Format Version 12.00
# Visual Studio Version 17
VisualStudioVersion = 17.2.32630.192
MinimumVisualStudioVersion = 10.0.40219.1
Project("{9A19103F-16F7-4668-BE54-9A1E7A4F7556}") = "Entra21.CSharp.ClinicaVeterinaria.Aplicacao", "Entra21.CSharp.ClinicaVeterinaria.Aplicacao\Entra21.CSharp.ClinicaVeterinaria.Aplicacao.csproj", "{16DE0F44-FAEA-46F6-8BC3-3A2D18290BAE}"
EndProject
Project("{FAE04EC0-301F-11D3-BF4B-00C04F79EFBC}") = "Entra21.CSharp.ClinicaVeterinaria.Servico", "Entra21.CSharp.ClinicaVeterinaria.Servico\Entra21.CSharp.ClinicaVeterinaria.Servico.csproj", "{3E2885C8-9B39-479B-8781-5366387049DF}"
EndProject
Project("{FAE04EC0-301F-11D3-BF4B-00C04F79EFBC}") = "Repositorio", "Repositorio\Repositorio.csproj", "{8C3A2B79-5E93-43CF-9CA0-442955FFA952}"
EndProject
Global
	GlobalSection(SolutionConfigurationPlatforms) = preSolution
		Debug|Any CPU = Debug|Any CPU
		Release|Any CPU = Release|Any CPU
	EndGlobalSection
	GlobalSection(ProjectConfigurationPlatforms) = postSolution
		{16DE0F44-FAEA-46F6-8BC3-3A2D18290BAE}.Debug|Any CPU.ActiveCfg = Debug|Any CPU
		{16DE0F44-FAEA-46F6-8BC3-3A2D18290BAE}.Debug|Any CPU.Build.0 = Debug|Any CPU
		{16DE0F44-FAEA-46F6-8BC3-3A2D18290BAE}.Release|Any CPU.ActiveCfg = Release|Any CPU
		{16DE0F44-FAEA-46F6-8BC3-3A2D18290BAE}.Release|Any CPU.Build.0 = Release|Any CPU
		{3E2885C8-9B39-479B-8781-5366387049DF}.Debug|Any CPU.ActiveCfg = Debug|Any CPU
		{3E2885C8-9B39-479B-8781-5366387049DF}.Debug|Any CPU.Build.0 = Debug|Any CPU
		{3E2885C8-9B39-479B-8781-5366387049DF}.Release|Any CPU.ActiveCfg = Release|Any CPU
		{3E2885C8-9B39-479B-8781-5366387049DF}.Release|Any CPU.Build.0 = Release|Any CPU
		{8C3A2B79-5E93-43CF-9CA0-442955FFA952}.Debug|Any CPU.ActiveCfg = Debug|Any CPU
		{8C3A2B79-5E93-43CF-9CA0-442955FFA952}.Debug|Any CPU.Build.0 = Debug|Any CPU
		{8C3A2B79-5E93-43CF-9CA0-442955FFA952}.Release|Any CPU.ActiveCfg = Release|Any CPU
		{8C3A2B79-5E93-43CF-9CA0-442955FFA952}.Release|Any CPU.Build.0 = Release|Any CPU
	EndGlobalSection
	GlobalSection(SolutionProperties) = preSolution
		HideSolutionNode = FALSE
	EndGlobalSection
	GlobalSection(ExtensibilityGlobals) = postSolution
		SolutionGuid = {17AA4A1C-5855-476F-A342-C27F0C31AA4B}
	EndGlobalSection
EndGlobal
