
Microsoft Visual Studio Solution File, Format Version 12.00
# Visual Studio Version 17
VisualStudioVersion = 17.2.32630.192
MinimumVisualStudioVersion = 10.0.40219.1
Project("{FAE04EC0-301F-11D3-BF4B-00C04F79EFBC}") = "Entra21.CSharp.ClinicaVeterinaria.Aplicacao", "Entra21.CSharp.ClinicaVeterinaria.Aplicacao\Entra21.CSharp.ClinicaVeterinaria.Aplicacao.csproj", "{16DE0F44-FAEA-46F6-8BC3-3A2D18290BAE}"
EndProject
Global
	GlobalSection(SolutionConfigurationPlatforms) = preSolution
		Debug|Any CPU = Debug|Any CPU
		Release|Any CPU = Release|Any CPU
	EndGlobalSection
	GlobalSection(ProjectConfigurationPlatforms) = postSolution
		{16DE0F44-FAEA-46F6-8BC3-3A2D18290BAE}.Debug|Any CPU.ActiveCfg = Debug|Any CPU
		{16DE0F44-FAEA-46F6-8BC3-3A2D18290BAE}.Debug|Any CPU.Build.0 = Debug|Any CPU
		{16DE0F44-FAEA-46F6-8BC3-3A2D18290BAE}.Release|Any CPU.ActiveCfg = Release|Any CPU
		{16DE0F44-FAEA-46F6-8BC3-3A2D18290BAE}.Release|Any CPU.Build.0 = Release|Any CPU
	EndGlobalSection
	GlobalSection(SolutionProperties) = preSolution
		HideSolutionNode = FALSE
	EndGlobalSection
	GlobalSection(ExtensibilityGlobals) = postSolution
		SolutionGuid = {17AA4A1C-5855-476F-A342-C27F0C31AA4B}
	EndGlobalSection
EndGlobal
